{
  "name": "permit2-demo-app",
  "version": "0.1.0",
  "lockfileVersion": 3,
  "requires": true,
  "packages": {
    "": {
      "name": "permit2-demo-app",
      "version": "0.1.0",
      "dependencies": {
        "@tlord101/permit2-widget": "file:../packages/permit2-widget"
      }
    },
    "../packages/permit2-widget": {
      "version": "0.1.0",
      "license": "MIT",
      "devDependencies": {
        "esbuild": "^0.18.0"
      }
    },
    "node_modules/@tlord101/permit2-widget": {
      "resolved": "../packages/permit2-widget",
      "link": true
    }
  }
}
